
Microsoft Visual Studio Solution File, Format Version 12.00
# Visual Studio Version 16
VisualStudioVersion = 25.0.1704.1
MinimumVisualStudioVersion = 10.0.40219.1
Project("{FAE04EC0-301F-11D3-BF4B-00C04F79EFBC}") = "DataTypes", "DataTypes\DataTypes.csproj", "{538251F8-D16E-49CC-8369-3B9D777BDFB6}"
EndProject
Global
	GlobalSection(SolutionConfigurationPlatforms) = preSolution
		Debug|Any CPU = Debug|Any CPU
		Release|Any CPU = Release|Any CPU
	EndGlobalSection
	GlobalSection(ProjectConfigurationPlatforms) = postSolution
		{538251F8-D16E-49CC-8369-3B9D777BDFB6}.Debug|Any CPU.ActiveCfg = Debug|Any CPU
		{538251F8-D16E-49CC-8369-3B9D777BDFB6}.Debug|Any CPU.Build.0 = Debug|Any CPU
		{538251F8-D16E-49CC-8369-3B9D777BDFB6}.Release|Any CPU.ActiveCfg = Release|Any CPU
		{538251F8-D16E-49CC-8369-3B9D777BDFB6}.Release|Any CPU.Build.0 = Release|Any CPU
	EndGlobalSection
	GlobalSection(SolutionProperties) = preSolution
		HideSolutionNode = FALSE
	EndGlobalSection
	GlobalSection(ExtensibilityGlobals) = postSolution
		SolutionGuid = {AFA31EAF-1F08-47C8-B64C-F453B39C4316}
	EndGlobalSection
EndGlobal
